
Microsoft Visual Studio Solution File, Format Version 12.00
# Visual Studio Version 17
VisualStudioVersion = 17.8.34511.84
MinimumVisualStudioVersion = 10.0.40219.1
Project("{FAE04EC0-301F-11D3-BF4B-00C04F79EFBC}") = "DoorModelEventAggregatorPattern", "DoorModelEventAggregatorPattern.csproj", "{A86F328E-812C-4DDC-BC5C-5935BB3CC756}"
EndProject
Global
	GlobalSection(SolutionConfigurationPlatforms) = preSolution
		Debug|Any CPU = Debug|Any CPU
		Release|Any CPU = Release|Any CPU
	EndGlobalSection
	GlobalSection(ProjectConfigurationPlatforms) = postSolution
		{A86F328E-812C-4DDC-BC5C-5935BB3CC756}.Debug|Any CPU.ActiveCfg = Debug|Any CPU
		{A86F328E-812C-4DDC-BC5C-5935BB3CC756}.Debug|Any CPU.Build.0 = Debug|Any CPU
		{A86F328E-812C-4DDC-BC5C-5935BB3CC756}.Release|Any CPU.ActiveCfg = Release|Any CPU
		{A86F328E-812C-4DDC-BC5C-5935BB3CC756}.Release|Any CPU.Build.0 = Release|Any CPU
	EndGlobalSection
	GlobalSection(SolutionProperties) = preSolution
		HideSolutionNode = FALSE
	EndGlobalSection
	GlobalSection(ExtensibilityGlobals) = postSolution
		SolutionGuid = {2F664DD1-D58E-437F-BFDB-1022ADC1C4A5}
	EndGlobalSection
EndGlobal
